<?xml version="1.0" encoding="UTF-8" standalone="yes" ?>
<CodeBlocks_project_file>
	<FileVersion major="1" minor="6" />
	<Project>
		<Option title="exercicios_oficina" />
		<Option pch_mode="2" />
		<Option compiler="gcc" />
		<Build>
			<Target title="Debug">
				<Option output="bin/Debug/exercicios_oficina" prefix_auto="1" extension_auto="1" />
				<Option object_output="obj/Debug/" />
				<Option type="1" />
				<Option compiler="gcc" />
				<Compiler>
					<Add option="-g" />
				</Compiler>
			</Target>
			<Target title="Release">
				<Option output="bin/Release/exercicios_oficina" prefix_auto="1" extension_auto="1" />
				<Option object_output="obj/Release/" />
				<Option type="1" />
				<Option compiler="gcc" />
				<Compiler>
					<Add option="-O2" />
				</Compiler>
				<Linker>
					<Add option="-s" />
				</Linker>
			</Target>
		</Build>
		<Compiler>
			<Add option="-Wall" />
		</Compiler>
		<Unit filename="aumento_salario.c">
			<Option compilerVar="CC" />
		</Unit>
		<Unit filename="carros.c">
			<Option compilerVar="CC" />
		</Unit>
		<Unit filename="expressoes_printf.c">
			<Option compilerVar="CC" />
		</Unit>
		<Unit filename="fahrenheit_para_celsius.c">
			<Option compilerVar="CC" />
		</Unit>
		<Unit filename="graus_para_fahrenheit.c">
			<Option compilerVar="CC" />
		</Unit>
		<Unit filename="idade_nadador.c">
			<Option compilerVar="CC" />
		</Unit>
		<Unit filename="media_aritmetica.c">
			<Option compilerVar="CC" />
		</Unit>
		<Unit filename="media_if_maior_50.c">
			<Option compilerVar="CC" />
		</Unit>
		<Unit filename="mercado.c">
			<Option compilerVar="CC" />
		</Unit>
		<Unit filename="salario_liquido.c">
			<Option compilerVar="CC" />
		</Unit>
		<Unit filename="temperatura.c">
			<Option compilerVar="CC" />
		</Unit>
		<Unit filename="valor_real.c">
			<Option compilerVar="CC" />
		</Unit>
		<Unit filename="variaveis.c">
			<Option compilerVar="CC" />
		</Unit>
		<Extensions>
			<lib_finder disable_auto="1" />
		</Extensions>
	</Project>
</CodeBlocks_project_file>
